
Microsoft Visual Studio Solution File, Format Version 12.00
# Visual Studio Version 17
VisualStudioVersion = 17.4.33213.308
MinimumVisualStudioVersion = 10.0.40219.1
Project("{FAE04EC0-301F-11D3-BF4B-00C04F79EFBC}") = "Knit Insight", "Knit Insight.csproj", "{E4E76922-D233-42DD-9ABE-EC51572F57E6}"
EndProject
Global
	GlobalSection(SolutionConfigurationPlatforms) = preSolution
		Debug|Any CPU = Debug|Any CPU
		Release|Any CPU = Release|Any CPU
	EndGlobalSection
	GlobalSection(ProjectConfigurationPlatforms) = postSolution
		{E4E76922-D233-42DD-9ABE-EC51572F57E6}.Debug|Any CPU.ActiveCfg = Debug|Any CPU
		{E4E76922-D233-42DD-9ABE-EC51572F57E6}.Debug|Any CPU.Build.0 = Debug|Any CPU
		{E4E76922-D233-42DD-9ABE-EC51572F57E6}.Release|Any CPU.ActiveCfg = Release|Any CPU
		{E4E76922-D233-42DD-9ABE-EC51572F57E6}.Release|Any CPU.Build.0 = Release|Any CPU
	EndGlobalSection
	GlobalSection(SolutionProperties) = preSolution
		HideSolutionNode = FALSE
	EndGlobalSection
	GlobalSection(ExtensibilityGlobals) = postSolution
		SolutionGuid = {D8507852-88D7-4AF6-9698-ABBCC430A58B}
	EndGlobalSection
EndGlobal
